
Microsoft Visual Studio Solution File, Format Version 12.00
# Visual Studio 14
VisualStudioVersion = 14.0.24720.0
MinimumVisualStudioVersion = 10.0.40219.1
Project("{FAE04EC0-301F-11D3-BF4B-00C04F79EFBC}") = "osu!StreamCompanion", "osu!StreamCompanion\osu!StreamCompanion.csproj", "{86251162-A899-4498-BF7F-6F18D6C624EA}"
EndProject
Project("{2150E333-8FDC-42A3-9474-1A3956D46DE8}") = "Plugins", "Plugins", "{E96C15E8-51CE-4648-8738-CBF30690CBF2}"
EndProject
Project("{FAE04EC0-301F-11D3-BF4B-00C04F79EFBC}") = "VersionControler", "VersionControler\VersionControler.csproj", "{F4BDACA6-F1FC-4A6D-AD1C-33E4D579DC21}"
EndProject
Global
	GlobalSection(SolutionConfigurationPlatforms) = preSolution
		Debug|x86 = Debug|x86
		Release|x86 = Release|x86
		Remote debug|x86 = Remote debug|x86
	EndGlobalSection
	GlobalSection(ProjectConfigurationPlatforms) = postSolution
		{86251162-A899-4498-BF7F-6F18D6C624EA}.Debug|x86.ActiveCfg = Debug|x86
		{86251162-A899-4498-BF7F-6F18D6C624EA}.Debug|x86.Build.0 = Debug|x86
		{86251162-A899-4498-BF7F-6F18D6C624EA}.Release|x86.ActiveCfg = Release|x86
		{86251162-A899-4498-BF7F-6F18D6C624EA}.Release|x86.Build.0 = Release|x86
		{86251162-A899-4498-BF7F-6F18D6C624EA}.Remote debug|x86.ActiveCfg = Debug remote|x86
		{86251162-A899-4498-BF7F-6F18D6C624EA}.Remote debug|x86.Build.0 = Debug remote|x86
		{F4BDACA6-F1FC-4A6D-AD1C-33E4D579DC21}.Debug|x86.ActiveCfg = Debug|Any CPU
		{F4BDACA6-F1FC-4A6D-AD1C-33E4D579DC21}.Debug|x86.Build.0 = Debug|Any CPU
		{F4BDACA6-F1FC-4A6D-AD1C-33E4D579DC21}.Release|x86.ActiveCfg = Release|Any CPU
		{F4BDACA6-F1FC-4A6D-AD1C-33E4D579DC21}.Release|x86.Build.0 = Release|Any CPU
		{F4BDACA6-F1FC-4A6D-AD1C-33E4D579DC21}.Remote debug|x86.ActiveCfg = Debug remote|Any CPU
		{F4BDACA6-F1FC-4A6D-AD1C-33E4D579DC21}.Remote debug|x86.Build.0 = Debug remote|Any CPU
	EndGlobalSection
	GlobalSection(SolutionProperties) = preSolution
		HideSolutionNode = FALSE
	EndGlobalSection
EndGlobal
