Microsoft Visual Studio Solution File, Format Version 12.00
# Visual Studio Version 16
VisualStudioVersion = 16.0.28803.452
MinimumVisualStudioVersion = 10.0.40219.1
Project("{9A19103F-16F7-4668-BE54-9A1E7A4F7556}") = "osu!StreamCompanion", "osu!StreamCompanion\osu!StreamCompanion.csproj", "{86251162-A899-4498-BF7F-6F18D6C624EA}"
EndProject
Project("{9A19103F-16F7-4668-BE54-9A1E7A4F7556}") = "VersionControler", "VersionControler\VersionControler.csproj", "{F4BDACA6-F1FC-4A6D-AD1C-33E4D579DC21}"
EndProject
Project("{2150E333-8FDC-42A3-9474-1A3956D46DE8}") = "submodules", "submodules", "{B0951F6C-E0DC-4242-A32E-0B48711AF12D}"
EndProject
Project("{9A19103F-16F7-4668-BE54-9A1E7A4F7556}") = "Updater", "Updater\Updater.csproj", "{09464784-372D-495F-9FF3-351DA55B4FD9}"
EndProject
Project("{2150E333-8FDC-42A3-9474-1A3956D46DE8}") = "plugins", "plugins", "{7357CB17-E9D7-493F-BC1B-354F717D7AA3}"
EndProject
Project("{9A19103F-16F7-4668-BE54-9A1E7A4F7556}") = "ClickCounter", "plugins\ClickCounter\ClickCounter.csproj", "{DBB78CD2-7515-4920-BA93-28860EFD54B6}"
EndProject
Project("{9A19103F-16F7-4668-BE54-9A1E7A4F7556}") = "TextIngameOverlay", "plugins\osuOverlay\osuOverlayPlugin\TextIngameOverlay.csproj", "{E79D7BC8-AAD4-4BC1-9578-3FABB851B997}"
EndProject
Project("{9A19103F-16F7-4668-BE54-9A1E7A4F7556}") = "osuPost", "plugins\osuPost\osuPost.csproj", "{909409E5-7DED-43FC-95D7-913C7576E91C}"
EndProject
Project("{9A19103F-16F7-4668-BE54-9A1E7A4F7556}") = "ScGui", "plugins\ScGui\ScGui.csproj", "{4FAB5F27-FF28-4A41-BDD7-1BFF4D0DC71E}"
EndProject
Project("{9A19103F-16F7-4668-BE54-9A1E7A4F7556}") = "ModsHandler", "plugins\ModsHandler\ModsHandler.csproj", "{53702F40-8EDA-4A2B-ABBF-F85548FF7442}"
EndProject
Project("{9A19103F-16F7-4668-BE54-9A1E7A4F7556}") = "ModImageGenerator", "plugins\ModImageGenerator\ModImageGenerator.csproj", "{16BB58FA-897B-4A75-BEDC-D42428EB8312}"
EndProject
Project("{9A19103F-16F7-4668-BE54-9A1E7A4F7556}") = "BeatmapPpReplacements", "plugins\BeatmapPpReplacements\BeatmapPpReplacements.csproj", "{0C50FF12-C298-424F-8B56-E65BCDDAB159}"
EndProject
Project("{9A19103F-16F7-4668-BE54-9A1E7A4F7556}") = "FileMapDataSender", "plugins\FileMapDataSender\FileMapDataSender.csproj", "{32A61CD7-FA30-40CB-8A23-788BBD65D4A7}"
EndProject
Project("{9A19103F-16F7-4668-BE54-9A1E7A4F7556}") = "TcpSocketDataSender", "plugins\TcpSocketDataSender\TcpSocketDataSender.csproj", "{50E3D207-3812-433A-8F9A-757FF55C991A}"
EndProject
Project("{9A19103F-16F7-4668-BE54-9A1E7A4F7556}") = "PlaysReplacements", "plugins\PlaysReplacements\PlaysReplacements.csproj", "{3D20C5F7-1CFC-4313-8B21-D3FA298F82A9}"
EndProject
Project("{9A19103F-16F7-4668-BE54-9A1E7A4F7556}") = "OsuSongsFolderWatcher", "plugins\OsuSongsFolderWatcher\OsuSongsFolderWatcher.csproj", "{111A3460-AC37-402C-98B6-D6A1A6B5C214}"
EndProject
Project("{9A19103F-16F7-4668-BE54-9A1E7A4F7556}") = "MSNEventSource", "plugins\MSNEventSource\MSNEventSource.csproj", "{0BE726DB-D370-4D9D-988A-2B79AF562283}"
EndProject
Project("{9A19103F-16F7-4668-BE54-9A1E7A4F7556}") = "OsuMemoryEventSource", "plugins\OsuMemoryEventSource\OsuMemoryEventSource.csproj", "{1A6D2DC6-163E-4BF3-8CE3-51ACC38A4A67}"
EndProject
Project("{9A19103F-16F7-4668-BE54-9A1E7A4F7556}") = "PpCalculator", "PpCalculator\PpCalculator.csproj", "{3D97E9C4-A884-4664-A40C-F19C4533AA00}"
EndProject
Project("{2150E333-8FDC-42A3-9474-1A3956D46DE8}") = "osu", "osu", "{DDE5F7B5-68C3-4143-8726-0BB91B83EED3}"
EndProject
Project("{9A19103F-16F7-4668-BE54-9A1E7A4F7556}") = "osu.Game", "submodules\osu\osu.Game\osu.Game.csproj", "{2146B92C-7EF3-4639-BCFF-3692B2893203}"
EndProject
Project("{9A19103F-16F7-4668-BE54-9A1E7A4F7556}") = "osu.Game.Rulesets.Catch", "submodules\osu\osu.Game.Rulesets.Catch\osu.Game.Rulesets.Catch.csproj", "{97204BED-A687-41DF-B606-9076E77D4962}"
EndProject
Project("{9A19103F-16F7-4668-BE54-9A1E7A4F7556}") = "osu.Game.Rulesets.Mania", "submodules\osu\osu.Game.Rulesets.Mania\osu.Game.Rulesets.Mania.csproj", "{4CEEFDDB-FBDE-4E4A-BD01-019AD6E16EDF}"
EndProject
Project("{9A19103F-16F7-4668-BE54-9A1E7A4F7556}") = "osu.Game.Rulesets.Taiko", "submodules\osu\osu.Game.Rulesets.Taiko\osu.Game.Rulesets.Taiko.csproj", "{A86B0A57-2968-460A-982D-4251FF02498A}"
EndProject
Project("{9A19103F-16F7-4668-BE54-9A1E7A4F7556}") = "osu.Game.Rulesets.Osu", "submodules\osu\osu.Game.Rulesets.Osu\osu.Game.Rulesets.Osu.csproj", "{330603A4-F36B-4073-82D3-41A95A6D35B2}"
EndProject
Project("{9A19103F-16F7-4668-BE54-9A1E7A4F7556}") = "LiveVisualizer", "plugins\LiveVisualizer\LiveVisualizer.csproj", "{6FB20D7D-F84A-41DE-B086-DA920C7B5E86}"
EndProject
Project("{9A19103F-16F7-4668-BE54-9A1E7A4F7556}") = "WebSocketDataSender", "plugins\WebSocketDataSender\WebSocketDataSender.csproj", "{6074BC0F-2C6A-485C-A5C4-5AEF3A3B8263}"
EndProject
Project("{9A19103F-16F7-4668-BE54-9A1E7A4F7556}") = "BackgroundImageProvider", "plugins\BackgroundImageProvider\BackgroundImageProvider.csproj", "{DF0879B6-D76D-4FCD-B825-8956FFF19143}"
EndProject
Project("{9A19103F-16F7-4668-BE54-9A1E7A4F7556}") = "ModsHandlerTests", "plugins\ModsHandlerTests\ModsHandlerTests.csproj", "{1FCFBD79-804A-45BC-9433-C3F4B554A0AF}"
EndProject
Project("{9A19103F-16F7-4668-BE54-9A1E7A4F7556}") = "StreamCompanion.Common", "StreamCompanion.Common\StreamCompanion.Common.csproj", "{3D5B2DBB-615F-43E4-8F2B-C54F4D92DC41}"
EndProject
Project("{9A19103F-16F7-4668-BE54-9A1E7A4F7556}") = "PpCalculatorTests", "PpCalculatorTests\PpCalculatorTests.csproj", "{C1B3D0A1-CABE-4139-93AC-96F132B44DE6}"
EndProject
Project("{9A19103F-16F7-4668-BE54-9A1E7A4F7556}") = "PpCalculatorTypes", "PpCalculatorTypes\PpCalculatorTypes.csproj", "{2F81729B-8968-4B0A-8DBA-E29184CECFB2}"
EndProject
Project("{9A19103F-16F7-4668-BE54-9A1E7A4F7556}") = "BrowserIngameOverlay", "plugins\BrowserOverlay\BrowserIngameOverlay.csproj", "{82FD6762-E785-4FDE-8A08-3C741623E89B}"
EndProject
Project("{9A19103F-16F7-4668-BE54-9A1E7A4F7556}") = "Gamma", "plugins\Gamma\Gamma.csproj", "{82B1293E-ED50-4CE7-9EFF-0F66A63801A1}"
EndProject
Global
	GlobalSection(SolutionConfigurationPlatforms) = preSolution
		Debug|x64 = Debug|x64
		Debug|x86 = Debug|x86
		Release|x64 = Release|x64
		Release|x86 = Release|x86
	EndGlobalSection
	GlobalSection(ProjectConfigurationPlatforms) = postSolution
		{86251162-A899-4498-BF7F-6F18D6C624EA}.Debug|x64.ActiveCfg = Debug|Any CPU
		{86251162-A899-4498-BF7F-6F18D6C624EA}.Debug|x64.Build.0 = Debug|Any CPU
		{86251162-A899-4498-BF7F-6F18D6C624EA}.Debug|x86.ActiveCfg = Debug|x86
		{86251162-A899-4498-BF7F-6F18D6C624EA}.Debug|x86.Build.0 = Debug|x86
		{86251162-A899-4498-BF7F-6F18D6C624EA}.Release|x64.ActiveCfg = Release|Any CPU
		{86251162-A899-4498-BF7F-6F18D6C624EA}.Release|x64.Build.0 = Release|Any CPU
		{86251162-A899-4498-BF7F-6F18D6C624EA}.Release|x86.ActiveCfg = Release|x86
		{86251162-A899-4498-BF7F-6F18D6C624EA}.Release|x86.Build.0 = Release|x86
		{F4BDACA6-F1FC-4A6D-AD1C-33E4D579DC21}.Debug|x64.ActiveCfg = Debug|Any CPU
		{F4BDACA6-F1FC-4A6D-AD1C-33E4D579DC21}.Debug|x64.Build.0 = Debug|Any CPU
		{F4BDACA6-F1FC-4A6D-AD1C-33E4D579DC21}.Debug|x86.ActiveCfg = Debug|Any CPU
		{F4BDACA6-F1FC-4A6D-AD1C-33E4D579DC21}.Debug|x86.Build.0 = Debug|Any CPU
		{F4BDACA6-F1FC-4A6D-AD1C-33E4D579DC21}.Release|x64.ActiveCfg = Release|x64
		{F4BDACA6-F1FC-4A6D-AD1C-33E4D579DC21}.Release|x64.Build.0 = Release|x64
		{F4BDACA6-F1FC-4A6D-AD1C-33E4D579DC21}.Release|x86.ActiveCfg = Release|Any CPU
		{F4BDACA6-F1FC-4A6D-AD1C-33E4D579DC21}.Release|x86.Build.0 = Release|Any CPU
		{09464784-372D-495F-9FF3-351DA55B4FD9}.Debug|x64.ActiveCfg = Debug|Any CPU
		{09464784-372D-495F-9FF3-351DA55B4FD9}.Debug|x64.Build.0 = Debug|Any CPU
		{09464784-372D-495F-9FF3-351DA55B4FD9}.Debug|x86.ActiveCfg = Debug|x86
		{09464784-372D-495F-9FF3-351DA55B4FD9}.Debug|x86.Build.0 = Debug|x86
		{09464784-372D-495F-9FF3-351DA55B4FD9}.Release|x64.ActiveCfg = Release|x64
		{09464784-372D-495F-9FF3-351DA55B4FD9}.Release|x64.Build.0 = Release|x64
		{09464784-372D-495F-9FF3-351DA55B4FD9}.Release|x86.ActiveCfg = Release|x86
		{09464784-372D-495F-9FF3-351DA55B4FD9}.Release|x86.Build.0 = Release|x86
		{DBB78CD2-7515-4920-BA93-28860EFD54B6}.Debug|x64.ActiveCfg = Debug|Any CPU
		{DBB78CD2-7515-4920-BA93-28860EFD54B6}.Debug|x64.Build.0 = Debug|Any CPU
		{DBB78CD2-7515-4920-BA93-28860EFD54B6}.Debug|x86.ActiveCfg = Debug|x86
		{DBB78CD2-7515-4920-BA93-28860EFD54B6}.Debug|x86.Build.0 = Debug|x86
		{DBB78CD2-7515-4920-BA93-28860EFD54B6}.Release|x64.ActiveCfg = Release|Any CPU
		{DBB78CD2-7515-4920-BA93-28860EFD54B6}.Release|x64.Build.0 = Release|Any CPU
		{DBB78CD2-7515-4920-BA93-28860EFD54B6}.Release|x86.ActiveCfg = Release|x86
		{DBB78CD2-7515-4920-BA93-28860EFD54B6}.Release|x86.Build.0 = Release|x86
		{E79D7BC8-AAD4-4BC1-9578-3FABB851B997}.Debug|x64.ActiveCfg = Debug|x64
		{E79D7BC8-AAD4-4BC1-9578-3FABB851B997}.Debug|x86.ActiveCfg = Debug|x86
		{E79D7BC8-AAD4-4BC1-9578-3FABB851B997}.Debug|x86.Build.0 = Debug|x86
		{E79D7BC8-AAD4-4BC1-9578-3FABB851B997}.Release|x64.ActiveCfg = Release|x64
		{E79D7BC8-AAD4-4BC1-9578-3FABB851B997}.Release|x64.Build.0 = Release|x64
		{E79D7BC8-AAD4-4BC1-9578-3FABB851B997}.Release|x86.ActiveCfg = Release|x86
		{E79D7BC8-AAD4-4BC1-9578-3FABB851B997}.Release|x86.Build.0 = Release|x86
		{909409E5-7DED-43FC-95D7-913C7576E91C}.Debug|x64.ActiveCfg = Debug|Any CPU
		{909409E5-7DED-43FC-95D7-913C7576E91C}.Debug|x64.Build.0 = Debug|Any CPU
		{909409E5-7DED-43FC-95D7-913C7576E91C}.Debug|x86.ActiveCfg = Debug|x86
		{909409E5-7DED-43FC-95D7-913C7576E91C}.Debug|x86.Build.0 = Debug|x86
		{909409E5-7DED-43FC-95D7-913C7576E91C}.Release|x64.ActiveCfg = Release|x64
		{909409E5-7DED-43FC-95D7-913C7576E91C}.Release|x64.Build.0 = Release|x64
		{909409E5-7DED-43FC-95D7-913C7576E91C}.Release|x86.ActiveCfg = Release|x86
		{909409E5-7DED-43FC-95D7-913C7576E91C}.Release|x86.Build.0 = Release|x86
		{4FAB5F27-FF28-4A41-BDD7-1BFF4D0DC71E}.Debug|x64.ActiveCfg = Debug|Any CPU
		{4FAB5F27-FF28-4A41-BDD7-1BFF4D0DC71E}.Debug|x64.Build.0 = Debug|Any CPU
		{4FAB5F27-FF28-4A41-BDD7-1BFF4D0DC71E}.Debug|x86.ActiveCfg = Debug|x86
		{4FAB5F27-FF28-4A41-BDD7-1BFF4D0DC71E}.Debug|x86.Build.0 = Debug|x86
		{4FAB5F27-FF28-4A41-BDD7-1BFF4D0DC71E}.Release|x64.ActiveCfg = Release|x64
		{4FAB5F27-FF28-4A41-BDD7-1BFF4D0DC71E}.Release|x64.Build.0 = Release|x64
		{4FAB5F27-FF28-4A41-BDD7-1BFF4D0DC71E}.Release|x86.ActiveCfg = Release|x86
		{4FAB5F27-FF28-4A41-BDD7-1BFF4D0DC71E}.Release|x86.Build.0 = Release|x86
		{53702F40-8EDA-4A2B-ABBF-F85548FF7442}.Debug|x64.ActiveCfg = Debug|Any CPU
		{53702F40-8EDA-4A2B-ABBF-F85548FF7442}.Debug|x64.Build.0 = Debug|Any CPU
		{53702F40-8EDA-4A2B-ABBF-F85548FF7442}.Debug|x86.ActiveCfg = Debug|x86
		{53702F40-8EDA-4A2B-ABBF-F85548FF7442}.Debug|x86.Build.0 = Debug|x86
		{53702F40-8EDA-4A2B-ABBF-F85548FF7442}.Release|x64.ActiveCfg = Release|Any CPU
		{53702F40-8EDA-4A2B-ABBF-F85548FF7442}.Release|x64.Build.0 = Release|Any CPU
		{53702F40-8EDA-4A2B-ABBF-F85548FF7442}.Release|x86.ActiveCfg = Release|x86
		{53702F40-8EDA-4A2B-ABBF-F85548FF7442}.Release|x86.Build.0 = Release|x86
		{16BB58FA-897B-4A75-BEDC-D42428EB8312}.Debug|x64.ActiveCfg = Debug|Any CPU
		{16BB58FA-897B-4A75-BEDC-D42428EB8312}.Debug|x64.Build.0 = Debug|Any CPU
		{16BB58FA-897B-4A75-BEDC-D42428EB8312}.Debug|x86.ActiveCfg = Debug|x86
		{16BB58FA-897B-4A75-BEDC-D42428EB8312}.Debug|x86.Build.0 = Debug|x86
		{16BB58FA-897B-4A75-BEDC-D42428EB8312}.Release|x64.ActiveCfg = Release|Any CPU
		{16BB58FA-897B-4A75-BEDC-D42428EB8312}.Release|x64.Build.0 = Release|Any CPU
		{16BB58FA-897B-4A75-BEDC-D42428EB8312}.Release|x86.ActiveCfg = Release|x86
		{16BB58FA-897B-4A75-BEDC-D42428EB8312}.Release|x86.Build.0 = Release|x86
		{0C50FF12-C298-424F-8B56-E65BCDDAB159}.Debug|x64.ActiveCfg = Debug|Any CPU
		{0C50FF12-C298-424F-8B56-E65BCDDAB159}.Debug|x64.Build.0 = Debug|Any CPU
		{0C50FF12-C298-424F-8B56-E65BCDDAB159}.Debug|x86.ActiveCfg = Debug|x86
		{0C50FF12-C298-424F-8B56-E65BCDDAB159}.Debug|x86.Build.0 = Debug|x86
		{0C50FF12-C298-424F-8B56-E65BCDDAB159}.Release|x64.ActiveCfg = Release|Any CPU
		{0C50FF12-C298-424F-8B56-E65BCDDAB159}.Release|x64.Build.0 = Release|Any CPU
		{0C50FF12-C298-424F-8B56-E65BCDDAB159}.Release|x86.ActiveCfg = Release|x86
		{0C50FF12-C298-424F-8B56-E65BCDDAB159}.Release|x86.Build.0 = Release|x86
		{32A61CD7-FA30-40CB-8A23-788BBD65D4A7}.Debug|x64.ActiveCfg = Debug|Any CPU
		{32A61CD7-FA30-40CB-8A23-788BBD65D4A7}.Debug|x64.Build.0 = Debug|Any CPU
		{32A61CD7-FA30-40CB-8A23-788BBD65D4A7}.Debug|x86.ActiveCfg = Debug|x86
		{32A61CD7-FA30-40CB-8A23-788BBD65D4A7}.Debug|x86.Build.0 = Debug|x86
		{32A61CD7-FA30-40CB-8A23-788BBD65D4A7}.Release|x64.ActiveCfg = Release|Any CPU
		{32A61CD7-FA30-40CB-8A23-788BBD65D4A7}.Release|x64.Build.0 = Release|Any CPU
		{32A61CD7-FA30-40CB-8A23-788BBD65D4A7}.Release|x86.ActiveCfg = Release|x86
		{32A61CD7-FA30-40CB-8A23-788BBD65D4A7}.Release|x86.Build.0 = Release|x86
		{50E3D207-3812-433A-8F9A-757FF55C991A}.Debug|x64.ActiveCfg = Debug|Any CPU
		{50E3D207-3812-433A-8F9A-757FF55C991A}.Debug|x64.Build.0 = Debug|Any CPU
		{50E3D207-3812-433A-8F9A-757FF55C991A}.Debug|x86.ActiveCfg = Debug|x86
		{50E3D207-3812-433A-8F9A-757FF55C991A}.Debug|x86.Build.0 = Debug|x86
		{50E3D207-3812-433A-8F9A-757FF55C991A}.Release|x64.ActiveCfg = Release|x64
		{50E3D207-3812-433A-8F9A-757FF55C991A}.Release|x64.Build.0 = Release|x64
		{50E3D207-3812-433A-8F9A-757FF55C991A}.Release|x86.ActiveCfg = Release|x86
		{50E3D207-3812-433A-8F9A-757FF55C991A}.Release|x86.Build.0 = Release|x86
		{3D20C5F7-1CFC-4313-8B21-D3FA298F82A9}.Debug|x64.ActiveCfg = Debug|Any CPU
		{3D20C5F7-1CFC-4313-8B21-D3FA298F82A9}.Debug|x64.Build.0 = Debug|Any CPU
		{3D20C5F7-1CFC-4313-8B21-D3FA298F82A9}.Debug|x86.ActiveCfg = Debug|x86
		{3D20C5F7-1CFC-4313-8B21-D3FA298F82A9}.Debug|x86.Build.0 = Debug|x86
		{3D20C5F7-1CFC-4313-8B21-D3FA298F82A9}.Release|x64.ActiveCfg = Release|x64
		{3D20C5F7-1CFC-4313-8B21-D3FA298F82A9}.Release|x64.Build.0 = Release|x64
		{3D20C5F7-1CFC-4313-8B21-D3FA298F82A9}.Release|x86.ActiveCfg = Release|x86
		{3D20C5F7-1CFC-4313-8B21-D3FA298F82A9}.Release|x86.Build.0 = Release|x86
		{111A3460-AC37-402C-98B6-D6A1A6B5C214}.Debug|x64.ActiveCfg = Debug|Any CPU
		{111A3460-AC37-402C-98B6-D6A1A6B5C214}.Debug|x64.Build.0 = Debug|Any CPU
		{111A3460-AC37-402C-98B6-D6A1A6B5C214}.Debug|x86.ActiveCfg = Debug|x86
		{111A3460-AC37-402C-98B6-D6A1A6B5C214}.Debug|x86.Build.0 = Debug|x86
		{111A3460-AC37-402C-98B6-D6A1A6B5C214}.Release|x64.ActiveCfg = Release|x64
		{111A3460-AC37-402C-98B6-D6A1A6B5C214}.Release|x64.Build.0 = Release|x64
		{111A3460-AC37-402C-98B6-D6A1A6B5C214}.Release|x86.ActiveCfg = Release|x86
		{111A3460-AC37-402C-98B6-D6A1A6B5C214}.Release|x86.Build.0 = Release|x86
		{0BE726DB-D370-4D9D-988A-2B79AF562283}.Debug|x64.ActiveCfg = Debug|Any CPU
		{0BE726DB-D370-4D9D-988A-2B79AF562283}.Debug|x64.Build.0 = Debug|Any CPU
		{0BE726DB-D370-4D9D-988A-2B79AF562283}.Debug|x86.ActiveCfg = Debug|x86
		{0BE726DB-D370-4D9D-988A-2B79AF562283}.Debug|x86.Build.0 = Debug|x86
		{0BE726DB-D370-4D9D-988A-2B79AF562283}.Release|x64.ActiveCfg = Release|Any CPU
		{0BE726DB-D370-4D9D-988A-2B79AF562283}.Release|x64.Build.0 = Release|Any CPU
		{0BE726DB-D370-4D9D-988A-2B79AF562283}.Release|x86.ActiveCfg = Release|x86
		{0BE726DB-D370-4D9D-988A-2B79AF562283}.Release|x86.Build.0 = Release|x86
		{1A6D2DC6-163E-4BF3-8CE3-51ACC38A4A67}.Debug|x64.ActiveCfg = Debug|Any CPU
		{1A6D2DC6-163E-4BF3-8CE3-51ACC38A4A67}.Debug|x64.Build.0 = Debug|Any CPU
		{1A6D2DC6-163E-4BF3-8CE3-51ACC38A4A67}.Debug|x86.ActiveCfg = Debug|x86
		{1A6D2DC6-163E-4BF3-8CE3-51ACC38A4A67}.Debug|x86.Build.0 = Debug|x86
		{1A6D2DC6-163E-4BF3-8CE3-51ACC38A4A67}.Release|x64.ActiveCfg = Release|x64
		{1A6D2DC6-163E-4BF3-8CE3-51ACC38A4A67}.Release|x64.Build.0 = Release|x64
		{1A6D2DC6-163E-4BF3-8CE3-51ACC38A4A67}.Release|x86.ActiveCfg = Release|x86
		{1A6D2DC6-163E-4BF3-8CE3-51ACC38A4A67}.Release|x86.Build.0 = Release|x86
		{3D97E9C4-A884-4664-A40C-F19C4533AA00}.Debug|x64.ActiveCfg = Debug|x64
		{3D97E9C4-A884-4664-A40C-F19C4533AA00}.Debug|x64.Build.0 = Debug|x64
		{3D97E9C4-A884-4664-A40C-F19C4533AA00}.Debug|x86.ActiveCfg = Debug|x86
		{3D97E9C4-A884-4664-A40C-F19C4533AA00}.Debug|x86.Build.0 = Debug|x86
		{3D97E9C4-A884-4664-A40C-F19C4533AA00}.Release|x64.ActiveCfg = Release|x64
		{3D97E9C4-A884-4664-A40C-F19C4533AA00}.Release|x64.Build.0 = Release|x64
		{3D97E9C4-A884-4664-A40C-F19C4533AA00}.Release|x86.ActiveCfg = Release|x86
		{3D97E9C4-A884-4664-A40C-F19C4533AA00}.Release|x86.Build.0 = Release|x86
		{2146B92C-7EF3-4639-BCFF-3692B2893203}.Debug|x64.ActiveCfg = Debug|Any CPU
		{2146B92C-7EF3-4639-BCFF-3692B2893203}.Debug|x64.Build.0 = Debug|Any CPU
		{2146B92C-7EF3-4639-BCFF-3692B2893203}.Debug|x86.ActiveCfg = Debug|Any CPU
		{2146B92C-7EF3-4639-BCFF-3692B2893203}.Debug|x86.Build.0 = Debug|Any CPU
		{2146B92C-7EF3-4639-BCFF-3692B2893203}.Release|x64.ActiveCfg = Release|Any CPU
		{2146B92C-7EF3-4639-BCFF-3692B2893203}.Release|x64.Build.0 = Release|Any CPU
		{2146B92C-7EF3-4639-BCFF-3692B2893203}.Release|x86.ActiveCfg = Release|Any CPU
		{2146B92C-7EF3-4639-BCFF-3692B2893203}.Release|x86.Build.0 = Release|Any CPU
		{97204BED-A687-41DF-B606-9076E77D4962}.Debug|x64.ActiveCfg = Debug|Any CPU
		{97204BED-A687-41DF-B606-9076E77D4962}.Debug|x64.Build.0 = Debug|Any CPU
		{97204BED-A687-41DF-B606-9076E77D4962}.Debug|x86.ActiveCfg = Debug|Any CPU
		{97204BED-A687-41DF-B606-9076E77D4962}.Debug|x86.Build.0 = Debug|Any CPU
		{97204BED-A687-41DF-B606-9076E77D4962}.Release|x64.ActiveCfg = Release|Any CPU
		{97204BED-A687-41DF-B606-9076E77D4962}.Release|x64.Build.0 = Release|Any CPU
		{97204BED-A687-41DF-B606-9076E77D4962}.Release|x86.ActiveCfg = Release|Any CPU
		{97204BED-A687-41DF-B606-9076E77D4962}.Release|x86.Build.0 = Release|Any CPU
		{4CEEFDDB-FBDE-4E4A-BD01-019AD6E16EDF}.Debug|x64.ActiveCfg = Debug|Any CPU
		{4CEEFDDB-FBDE-4E4A-BD01-019AD6E16EDF}.Debug|x64.Build.0 = Debug|Any CPU
		{4CEEFDDB-FBDE-4E4A-BD01-019AD6E16EDF}.Debug|x86.ActiveCfg = Debug|Any CPU
		{4CEEFDDB-FBDE-4E4A-BD01-019AD6E16EDF}.Debug|x86.Build.0 = Debug|Any CPU
		{4CEEFDDB-FBDE-4E4A-BD01-019AD6E16EDF}.Release|x64.ActiveCfg = Release|Any CPU
		{4CEEFDDB-FBDE-4E4A-BD01-019AD6E16EDF}.Release|x64.Build.0 = Release|Any CPU
		{4CEEFDDB-FBDE-4E4A-BD01-019AD6E16EDF}.Release|x86.ActiveCfg = Release|Any CPU
		{4CEEFDDB-FBDE-4E4A-BD01-019AD6E16EDF}.Release|x86.Build.0 = Release|Any CPU
		{A86B0A57-2968-460A-982D-4251FF02498A}.Debug|x64.ActiveCfg = Debug|Any CPU
		{A86B0A57-2968-460A-982D-4251FF02498A}.Debug|x64.Build.0 = Debug|Any CPU
		{A86B0A57-2968-460A-982D-4251FF02498A}.Debug|x86.ActiveCfg = Debug|Any CPU
		{A86B0A57-2968-460A-982D-4251FF02498A}.Debug|x86.Build.0 = Debug|Any CPU
		{A86B0A57-2968-460A-982D-4251FF02498A}.Release|x64.ActiveCfg = Release|Any CPU
		{A86B0A57-2968-460A-982D-4251FF02498A}.Release|x64.Build.0 = Release|Any CPU
		{A86B0A57-2968-460A-982D-4251FF02498A}.Release|x86.ActiveCfg = Release|Any CPU
		{A86B0A57-2968-460A-982D-4251FF02498A}.Release|x86.Build.0 = Release|Any CPU
		{330603A4-F36B-4073-82D3-41A95A6D35B2}.Debug|x64.ActiveCfg = Debug|Any CPU
		{330603A4-F36B-4073-82D3-41A95A6D35B2}.Debug|x64.Build.0 = Debug|Any CPU
		{330603A4-F36B-4073-82D3-41A95A6D35B2}.Debug|x86.ActiveCfg = Debug|Any CPU
		{330603A4-F36B-4073-82D3-41A95A6D35B2}.Debug|x86.Build.0 = Debug|Any CPU
		{330603A4-F36B-4073-82D3-41A95A6D35B2}.Release|x64.ActiveCfg = Release|Any CPU
		{330603A4-F36B-4073-82D3-41A95A6D35B2}.Release|x64.Build.0 = Release|Any CPU
		{330603A4-F36B-4073-82D3-41A95A6D35B2}.Release|x86.ActiveCfg = Release|Any CPU
		{330603A4-F36B-4073-82D3-41A95A6D35B2}.Release|x86.Build.0 = Release|Any CPU
		{6FB20D7D-F84A-41DE-B086-DA920C7B5E86}.Debug|x64.ActiveCfg = Debug|Any CPU
		{6FB20D7D-F84A-41DE-B086-DA920C7B5E86}.Debug|x64.Build.0 = Debug|Any CPU
		{6FB20D7D-F84A-41DE-B086-DA920C7B5E86}.Debug|x86.ActiveCfg = Debug|x86
		{6FB20D7D-F84A-41DE-B086-DA920C7B5E86}.Debug|x86.Build.0 = Debug|x86
		{6FB20D7D-F84A-41DE-B086-DA920C7B5E86}.Release|x64.ActiveCfg = Release|Any CPU
		{6FB20D7D-F84A-41DE-B086-DA920C7B5E86}.Release|x64.Build.0 = Release|Any CPU
		{6FB20D7D-F84A-41DE-B086-DA920C7B5E86}.Release|x86.ActiveCfg = Release|x86
		{6FB20D7D-F84A-41DE-B086-DA920C7B5E86}.Release|x86.Build.0 = Release|x86
		{6074BC0F-2C6A-485C-A5C4-5AEF3A3B8263}.Debug|x64.ActiveCfg = Debug|Any CPU
		{6074BC0F-2C6A-485C-A5C4-5AEF3A3B8263}.Debug|x64.Build.0 = Debug|Any CPU
		{6074BC0F-2C6A-485C-A5C4-5AEF3A3B8263}.Debug|x86.ActiveCfg = Debug|x86
		{6074BC0F-2C6A-485C-A5C4-5AEF3A3B8263}.Debug|x86.Build.0 = Debug|x86
		{6074BC0F-2C6A-485C-A5C4-5AEF3A3B8263}.Release|x64.ActiveCfg = Release|x64
		{6074BC0F-2C6A-485C-A5C4-5AEF3A3B8263}.Release|x64.Build.0 = Release|x64
		{6074BC0F-2C6A-485C-A5C4-5AEF3A3B8263}.Release|x86.ActiveCfg = Release|x86
		{6074BC0F-2C6A-485C-A5C4-5AEF3A3B8263}.Release|x86.Build.0 = Release|x86
		{DF0879B6-D76D-4FCD-B825-8956FFF19143}.Debug|x64.ActiveCfg = Debug|Any CPU
		{DF0879B6-D76D-4FCD-B825-8956FFF19143}.Debug|x64.Build.0 = Debug|Any CPU
		{DF0879B6-D76D-4FCD-B825-8956FFF19143}.Debug|x86.ActiveCfg = Debug|x86
		{DF0879B6-D76D-4FCD-B825-8956FFF19143}.Debug|x86.Build.0 = Debug|x86
		{DF0879B6-D76D-4FCD-B825-8956FFF19143}.Release|x64.ActiveCfg = Release|Any CPU
		{DF0879B6-D76D-4FCD-B825-8956FFF19143}.Release|x64.Build.0 = Release|Any CPU
		{DF0879B6-D76D-4FCD-B825-8956FFF19143}.Release|x86.ActiveCfg = Release|x86
		{DF0879B6-D76D-4FCD-B825-8956FFF19143}.Release|x86.Build.0 = Release|x86
		{1FCFBD79-804A-45BC-9433-C3F4B554A0AF}.Debug|x64.ActiveCfg = Debug|Any CPU
		{1FCFBD79-804A-45BC-9433-C3F4B554A0AF}.Debug|x64.Build.0 = Debug|Any CPU
		{1FCFBD79-804A-45BC-9433-C3F4B554A0AF}.Debug|x86.ActiveCfg = Debug|x86
		{1FCFBD79-804A-45BC-9433-C3F4B554A0AF}.Debug|x86.Build.0 = Debug|x86
		{1FCFBD79-804A-45BC-9433-C3F4B554A0AF}.Release|x64.ActiveCfg = Release|Any CPU
		{1FCFBD79-804A-45BC-9433-C3F4B554A0AF}.Release|x64.Build.0 = Release|Any CPU
		{1FCFBD79-804A-45BC-9433-C3F4B554A0AF}.Release|x86.ActiveCfg = Release|x86
		{1FCFBD79-804A-45BC-9433-C3F4B554A0AF}.Release|x86.Build.0 = Release|x86
		{3D5B2DBB-615F-43E4-8F2B-C54F4D92DC41}.Debug|x64.ActiveCfg = Debug|Any CPU
		{3D5B2DBB-615F-43E4-8F2B-C54F4D92DC41}.Debug|x64.Build.0 = Debug|Any CPU
		{3D5B2DBB-615F-43E4-8F2B-C54F4D92DC41}.Debug|x86.ActiveCfg = Debug|x86
		{3D5B2DBB-615F-43E4-8F2B-C54F4D92DC41}.Debug|x86.Build.0 = Debug|x86
		{3D5B2DBB-615F-43E4-8F2B-C54F4D92DC41}.Release|x64.ActiveCfg = Release|Any CPU
		{3D5B2DBB-615F-43E4-8F2B-C54F4D92DC41}.Release|x64.Build.0 = Release|Any CPU
		{3D5B2DBB-615F-43E4-8F2B-C54F4D92DC41}.Release|x86.ActiveCfg = Release|x86
		{3D5B2DBB-615F-43E4-8F2B-C54F4D92DC41}.Release|x86.Build.0 = Release|x86
		{C1B3D0A1-CABE-4139-93AC-96F132B44DE6}.Debug|x64.ActiveCfg = Debug|Any CPU
		{C1B3D0A1-CABE-4139-93AC-96F132B44DE6}.Debug|x64.Build.0 = Debug|Any CPU
		{C1B3D0A1-CABE-4139-93AC-96F132B44DE6}.Debug|x86.ActiveCfg = Debug|x86
		{C1B3D0A1-CABE-4139-93AC-96F132B44DE6}.Debug|x86.Build.0 = Debug|x86
		{C1B3D0A1-CABE-4139-93AC-96F132B44DE6}.Release|x64.ActiveCfg = Release|Any CPU
		{C1B3D0A1-CABE-4139-93AC-96F132B44DE6}.Release|x64.Build.0 = Release|Any CPU
		{C1B3D0A1-CABE-4139-93AC-96F132B44DE6}.Release|x86.ActiveCfg = Release|x86
		{C1B3D0A1-CABE-4139-93AC-96F132B44DE6}.Release|x86.Build.0 = Release|x86
		{2F81729B-8968-4B0A-8DBA-E29184CECFB2}.Debug|x64.ActiveCfg = Debug|Any CPU
		{2F81729B-8968-4B0A-8DBA-E29184CECFB2}.Debug|x64.Build.0 = Debug|Any CPU
		{2F81729B-8968-4B0A-8DBA-E29184CECFB2}.Debug|x86.ActiveCfg = Debug|x86
		{2F81729B-8968-4B0A-8DBA-E29184CECFB2}.Debug|x86.Build.0 = Debug|x86
		{2F81729B-8968-4B0A-8DBA-E29184CECFB2}.Release|x64.ActiveCfg = Release|Any CPU
		{2F81729B-8968-4B0A-8DBA-E29184CECFB2}.Release|x64.Build.0 = Release|Any CPU
		{2F81729B-8968-4B0A-8DBA-E29184CECFB2}.Release|x86.ActiveCfg = Release|x86
		{2F81729B-8968-4B0A-8DBA-E29184CECFB2}.Release|x86.Build.0 = Release|x86
		{82FD6762-E785-4FDE-8A08-3C741623E89B}.Debug|x64.ActiveCfg = Debug|Any CPU
		{82FD6762-E785-4FDE-8A08-3C741623E89B}.Debug|x64.Build.0 = Debug|Any CPU
		{82FD6762-E785-4FDE-8A08-3C741623E89B}.Debug|x86.ActiveCfg = Debug|x86
		{82FD6762-E785-4FDE-8A08-3C741623E89B}.Debug|x86.Build.0 = Debug|x86
		{82FD6762-E785-4FDE-8A08-3C741623E89B}.Release|x64.ActiveCfg = Release|Any CPU
		{82FD6762-E785-4FDE-8A08-3C741623E89B}.Release|x64.Build.0 = Release|Any CPU
		{82FD6762-E785-4FDE-8A08-3C741623E89B}.Release|x86.ActiveCfg = Release|x86
		{82FD6762-E785-4FDE-8A08-3C741623E89B}.Release|x86.Build.0 = Release|x86
		{82B1293E-ED50-4CE7-9EFF-0F66A63801A1}.Debug|x64.ActiveCfg = Debug|Any CPU
		{82B1293E-ED50-4CE7-9EFF-0F66A63801A1}.Debug|x64.Build.0 = Debug|Any CPU
		{82B1293E-ED50-4CE7-9EFF-0F66A63801A1}.Debug|x86.ActiveCfg = Debug|x86
		{82B1293E-ED50-4CE7-9EFF-0F66A63801A1}.Debug|x86.Build.0 = Debug|x86
		{82B1293E-ED50-4CE7-9EFF-0F66A63801A1}.Release|x64.ActiveCfg = Release|Any CPU
		{82B1293E-ED50-4CE7-9EFF-0F66A63801A1}.Release|x64.Build.0 = Release|Any CPU
		{82B1293E-ED50-4CE7-9EFF-0F66A63801A1}.Release|x86.ActiveCfg = Release|x86
		{82B1293E-ED50-4CE7-9EFF-0F66A63801A1}.Release|x86.Build.0 = Release|x86
	EndGlobalSection
	GlobalSection(SolutionProperties) = preSolution
		HideSolutionNode = FALSE
	EndGlobalSection
	GlobalSection(NestedProjects) = preSolution
		{DBB78CD2-7515-4920-BA93-28860EFD54B6} = {7357CB17-E9D7-493F-BC1B-354F717D7AA3}
		{E79D7BC8-AAD4-4BC1-9578-3FABB851B997} = {7357CB17-E9D7-493F-BC1B-354F717D7AA3}
		{909409E5-7DED-43FC-95D7-913C7576E91C} = {7357CB17-E9D7-493F-BC1B-354F717D7AA3}
		{4FAB5F27-FF28-4A41-BDD7-1BFF4D0DC71E} = {7357CB17-E9D7-493F-BC1B-354F717D7AA3}
		{53702F40-8EDA-4A2B-ABBF-F85548FF7442} = {7357CB17-E9D7-493F-BC1B-354F717D7AA3}
		{16BB58FA-897B-4A75-BEDC-D42428EB8312} = {7357CB17-E9D7-493F-BC1B-354F717D7AA3}
		{0C50FF12-C298-424F-8B56-E65BCDDAB159} = {7357CB17-E9D7-493F-BC1B-354F717D7AA3}
		{32A61CD7-FA30-40CB-8A23-788BBD65D4A7} = {7357CB17-E9D7-493F-BC1B-354F717D7AA3}
		{50E3D207-3812-433A-8F9A-757FF55C991A} = {7357CB17-E9D7-493F-BC1B-354F717D7AA3}
		{3D20C5F7-1CFC-4313-8B21-D3FA298F82A9} = {7357CB17-E9D7-493F-BC1B-354F717D7AA3}
		{111A3460-AC37-402C-98B6-D6A1A6B5C214} = {7357CB17-E9D7-493F-BC1B-354F717D7AA3}
		{0BE726DB-D370-4D9D-988A-2B79AF562283} = {7357CB17-E9D7-493F-BC1B-354F717D7AA3}
		{1A6D2DC6-163E-4BF3-8CE3-51ACC38A4A67} = {7357CB17-E9D7-493F-BC1B-354F717D7AA3}
		{3D97E9C4-A884-4664-A40C-F19C4533AA00} = {B0951F6C-E0DC-4242-A32E-0B48711AF12D}
		{DDE5F7B5-68C3-4143-8726-0BB91B83EED3} = {B0951F6C-E0DC-4242-A32E-0B48711AF12D}
		{2146B92C-7EF3-4639-BCFF-3692B2893203} = {DDE5F7B5-68C3-4143-8726-0BB91B83EED3}
		{97204BED-A687-41DF-B606-9076E77D4962} = {DDE5F7B5-68C3-4143-8726-0BB91B83EED3}
		{4CEEFDDB-FBDE-4E4A-BD01-019AD6E16EDF} = {DDE5F7B5-68C3-4143-8726-0BB91B83EED3}
		{A86B0A57-2968-460A-982D-4251FF02498A} = {DDE5F7B5-68C3-4143-8726-0BB91B83EED3}
		{330603A4-F36B-4073-82D3-41A95A6D35B2} = {DDE5F7B5-68C3-4143-8726-0BB91B83EED3}
		{6FB20D7D-F84A-41DE-B086-DA920C7B5E86} = {7357CB17-E9D7-493F-BC1B-354F717D7AA3}
		{6074BC0F-2C6A-485C-A5C4-5AEF3A3B8263} = {7357CB17-E9D7-493F-BC1B-354F717D7AA3}
		{DF0879B6-D76D-4FCD-B825-8956FFF19143} = {7357CB17-E9D7-493F-BC1B-354F717D7AA3}
		{1FCFBD79-804A-45BC-9433-C3F4B554A0AF} = {7357CB17-E9D7-493F-BC1B-354F717D7AA3}
		{C1B3D0A1-CABE-4139-93AC-96F132B44DE6} = {B0951F6C-E0DC-4242-A32E-0B48711AF12D}
		{2F81729B-8968-4B0A-8DBA-E29184CECFB2} = {B0951F6C-E0DC-4242-A32E-0B48711AF12D}
		{82FD6762-E785-4FDE-8A08-3C741623E89B} = {7357CB17-E9D7-493F-BC1B-354F717D7AA3}
		{82B1293E-ED50-4CE7-9EFF-0F66A63801A1} = {7357CB17-E9D7-493F-BC1B-354F717D7AA3}
	EndGlobalSection
	GlobalSection(ExtensibilityGlobals) = postSolution
		SolutionGuid = {90CD718D-2503-4BBC-867D-E8EF9C9DBC77}
	EndGlobalSection
EndGlobal
