
Microsoft Visual Studio Solution File, Format Version 12.00
# Visual Studio 15
VisualStudioVersion = 15.0.27130.2027
MinimumVisualStudioVersion = 10.0.40219.1
Project("{FAE04EC0-301F-11D3-BF4B-00C04F79EFBC}") = "osu!StreamCompanion", "osu!StreamCompanion\osu!StreamCompanion.csproj", "{86251162-A899-4498-BF7F-6F18D6C624EA}"
EndProject
Project("{FAE04EC0-301F-11D3-BF4B-00C04F79EFBC}") = "VersionControler", "VersionControler\VersionControler.csproj", "{F4BDACA6-F1FC-4A6D-AD1C-33E4D579DC21}"
EndProject
Project("{2150E333-8FDC-42A3-9474-1A3956D46DE8}") = "submodules", "submodules", "{B0951F6C-E0DC-4242-A32E-0B48711AF12D}"
EndProject
Project("{9A19103F-16F7-4668-BE54-9A1E7A4F7556}") = "OppaiSharp", "submodules\OppaiSharp\OppaiSharp\OppaiSharp.csproj", "{AD29051A-0960-4E92-BAA9-7AC50827F823}"
EndProject
Project("{9A19103F-16F7-4668-BE54-9A1E7A4F7556}") = "UnitTests", "submodules\OppaiSharp\UnitTests\UnitTests.csproj", "{794039F3-D719-42BB-AACF-A4C12104222C}"
EndProject
Project("{FAE04EC0-301F-11D3-BF4B-00C04F79EFBC}") = "Updater", "Updater\Updater.csproj", "{09464784-372D-495F-9FF3-351DA55B4FD9}"
EndProject
Project("{FAE04EC0-301F-11D3-BF4B-00C04F79EFBC}") = "StreamCompanionTypes", "StreamCompanionTypes\StreamCompanionTypes.csproj", "{2B90289D-8C11-4D91-8A41-C5C99620E537}"
EndProject
Project("{2150E333-8FDC-42A3-9474-1A3956D46DE8}") = "plugins", "plugins", "{7357CB17-E9D7-493F-BC1B-354F717D7AA3}"
EndProject
Project("{FAE04EC0-301F-11D3-BF4B-00C04F79EFBC}") = "ClickCounter", "plugins\ClickCounter\ClickCounter.csproj", "{DBB78CD2-7515-4920-BA93-28860EFD54B6}"
EndProject
Project("{FAE04EC0-301F-11D3-BF4B-00C04F79EFBC}") = "osuOverlayPlugin", "plugins\osuOverlay\osuOverlayPlugin.csproj", "{E79D7BC8-AAD4-4BC1-9578-3FABB851B997}"
EndProject
Project("{FAE04EC0-301F-11D3-BF4B-00C04F79EFBC}") = "osuPost", "plugins\osuPost\osuPost.csproj", "{909409E5-7DED-43FC-95D7-913C7576E91C}"
EndProject
Project("{FAE04EC0-301F-11D3-BF4B-00C04F79EFBC}") = "ScGui", "plugins\ScGui\ScGui.csproj", "{4FAB5F27-FF28-4A41-BDD7-1BFF4D0DC71E}"
EndProject
Project("{FAE04EC0-301F-11D3-BF4B-00C04F79EFBC}") = "ModsHandler", "plugins\ModsHandler\ModsHandler.csproj", "{53702F40-8EDA-4A2B-ABBF-F85548FF7442}"
EndProject
Project("{FAE04EC0-301F-11D3-BF4B-00C04F79EFBC}") = "ModImageGenerator", "plugins\ModImageGenerator\ModImageGenerator.csproj", "{16BB58FA-897B-4A75-BEDC-D42428EB8312}"
EndProject
Global
	GlobalSection(SolutionConfigurationPlatforms) = preSolution
		Debug|Any CPU = Debug|Any CPU
		Debug|x86 = Debug|x86
		Release|Any CPU = Release|Any CPU
		Release|x86 = Release|x86
		Remote debug|Any CPU = Remote debug|Any CPU
		Remote debug|x86 = Remote debug|x86
	EndGlobalSection
	GlobalSection(ProjectConfigurationPlatforms) = postSolution
		{86251162-A899-4498-BF7F-6F18D6C624EA}.Debug|Any CPU.ActiveCfg = Debug|Any CPU
		{86251162-A899-4498-BF7F-6F18D6C624EA}.Debug|Any CPU.Build.0 = Debug|Any CPU
		{86251162-A899-4498-BF7F-6F18D6C624EA}.Debug|x86.ActiveCfg = Debug|x86
		{86251162-A899-4498-BF7F-6F18D6C624EA}.Debug|x86.Build.0 = Debug|x86
		{86251162-A899-4498-BF7F-6F18D6C624EA}.Release|Any CPU.ActiveCfg = Release|Any CPU
		{86251162-A899-4498-BF7F-6F18D6C624EA}.Release|Any CPU.Build.0 = Release|Any CPU
		{86251162-A899-4498-BF7F-6F18D6C624EA}.Release|x86.ActiveCfg = Release|x86
		{86251162-A899-4498-BF7F-6F18D6C624EA}.Release|x86.Build.0 = Release|x86
		{86251162-A899-4498-BF7F-6F18D6C624EA}.Remote debug|Any CPU.ActiveCfg = Release|Any CPU
		{86251162-A899-4498-BF7F-6F18D6C624EA}.Remote debug|Any CPU.Build.0 = Release|Any CPU
		{86251162-A899-4498-BF7F-6F18D6C624EA}.Remote debug|x86.ActiveCfg = Debug remote|x86
		{86251162-A899-4498-BF7F-6F18D6C624EA}.Remote debug|x86.Build.0 = Debug remote|x86
		{F4BDACA6-F1FC-4A6D-AD1C-33E4D579DC21}.Debug|Any CPU.ActiveCfg = Debug|Any CPU
		{F4BDACA6-F1FC-4A6D-AD1C-33E4D579DC21}.Debug|Any CPU.Build.0 = Debug|Any CPU
		{F4BDACA6-F1FC-4A6D-AD1C-33E4D579DC21}.Debug|x86.ActiveCfg = Debug|Any CPU
		{F4BDACA6-F1FC-4A6D-AD1C-33E4D579DC21}.Debug|x86.Build.0 = Debug|Any CPU
		{F4BDACA6-F1FC-4A6D-AD1C-33E4D579DC21}.Release|Any CPU.ActiveCfg = Release|Any CPU
		{F4BDACA6-F1FC-4A6D-AD1C-33E4D579DC21}.Release|Any CPU.Build.0 = Release|Any CPU
		{F4BDACA6-F1FC-4A6D-AD1C-33E4D579DC21}.Release|x86.ActiveCfg = Release|Any CPU
		{F4BDACA6-F1FC-4A6D-AD1C-33E4D579DC21}.Release|x86.Build.0 = Release|Any CPU
		{F4BDACA6-F1FC-4A6D-AD1C-33E4D579DC21}.Remote debug|Any CPU.ActiveCfg = Release|Any CPU
		{F4BDACA6-F1FC-4A6D-AD1C-33E4D579DC21}.Remote debug|Any CPU.Build.0 = Release|Any CPU
		{F4BDACA6-F1FC-4A6D-AD1C-33E4D579DC21}.Remote debug|x86.ActiveCfg = Debug remote|Any CPU
		{F4BDACA6-F1FC-4A6D-AD1C-33E4D579DC21}.Remote debug|x86.Build.0 = Debug remote|Any CPU
		{AD29051A-0960-4E92-BAA9-7AC50827F823}.Debug|Any CPU.ActiveCfg = Debug|Any CPU
		{AD29051A-0960-4E92-BAA9-7AC50827F823}.Debug|Any CPU.Build.0 = Debug|Any CPU
		{AD29051A-0960-4E92-BAA9-7AC50827F823}.Debug|x86.ActiveCfg = Debug|Any CPU
		{AD29051A-0960-4E92-BAA9-7AC50827F823}.Release|Any CPU.ActiveCfg = Release|Any CPU
		{AD29051A-0960-4E92-BAA9-7AC50827F823}.Release|Any CPU.Build.0 = Release|Any CPU
		{AD29051A-0960-4E92-BAA9-7AC50827F823}.Release|x86.ActiveCfg = Release|Any CPU
		{AD29051A-0960-4E92-BAA9-7AC50827F823}.Release|x86.Build.0 = Release|Any CPU
		{AD29051A-0960-4E92-BAA9-7AC50827F823}.Remote debug|Any CPU.ActiveCfg = Release|Any CPU
		{AD29051A-0960-4E92-BAA9-7AC50827F823}.Remote debug|Any CPU.Build.0 = Release|Any CPU
		{AD29051A-0960-4E92-BAA9-7AC50827F823}.Remote debug|x86.ActiveCfg = Release|Any CPU
		{AD29051A-0960-4E92-BAA9-7AC50827F823}.Remote debug|x86.Build.0 = Release|Any CPU
		{794039F3-D719-42BB-AACF-A4C12104222C}.Debug|Any CPU.ActiveCfg = Debug|Any CPU
		{794039F3-D719-42BB-AACF-A4C12104222C}.Debug|Any CPU.Build.0 = Debug|Any CPU
		{794039F3-D719-42BB-AACF-A4C12104222C}.Debug|x86.ActiveCfg = Debug|Any CPU
		{794039F3-D719-42BB-AACF-A4C12104222C}.Release|Any CPU.ActiveCfg = Release|Any CPU
		{794039F3-D719-42BB-AACF-A4C12104222C}.Release|Any CPU.Build.0 = Release|Any CPU
		{794039F3-D719-42BB-AACF-A4C12104222C}.Release|x86.ActiveCfg = Release|Any CPU
		{794039F3-D719-42BB-AACF-A4C12104222C}.Release|x86.Build.0 = Release|Any CPU
		{794039F3-D719-42BB-AACF-A4C12104222C}.Remote debug|Any CPU.ActiveCfg = Release|Any CPU
		{794039F3-D719-42BB-AACF-A4C12104222C}.Remote debug|Any CPU.Build.0 = Release|Any CPU
		{794039F3-D719-42BB-AACF-A4C12104222C}.Remote debug|x86.ActiveCfg = Release|Any CPU
		{794039F3-D719-42BB-AACF-A4C12104222C}.Remote debug|x86.Build.0 = Release|Any CPU
		{09464784-372D-495F-9FF3-351DA55B4FD9}.Debug|Any CPU.ActiveCfg = Debug|Any CPU
		{09464784-372D-495F-9FF3-351DA55B4FD9}.Debug|Any CPU.Build.0 = Debug|Any CPU
		{09464784-372D-495F-9FF3-351DA55B4FD9}.Debug|x86.ActiveCfg = Debug|Any CPU
		{09464784-372D-495F-9FF3-351DA55B4FD9}.Debug|x86.Build.0 = Debug|Any CPU
		{09464784-372D-495F-9FF3-351DA55B4FD9}.Release|Any CPU.ActiveCfg = Release|Any CPU
		{09464784-372D-495F-9FF3-351DA55B4FD9}.Release|Any CPU.Build.0 = Release|Any CPU
		{09464784-372D-495F-9FF3-351DA55B4FD9}.Release|x86.ActiveCfg = Release|Any CPU
		{09464784-372D-495F-9FF3-351DA55B4FD9}.Release|x86.Build.0 = Release|Any CPU
		{09464784-372D-495F-9FF3-351DA55B4FD9}.Remote debug|Any CPU.ActiveCfg = Release|Any CPU
		{09464784-372D-495F-9FF3-351DA55B4FD9}.Remote debug|Any CPU.Build.0 = Release|Any CPU
		{09464784-372D-495F-9FF3-351DA55B4FD9}.Remote debug|x86.ActiveCfg = Release|Any CPU
		{09464784-372D-495F-9FF3-351DA55B4FD9}.Remote debug|x86.Build.0 = Release|Any CPU
		{2B90289D-8C11-4D91-8A41-C5C99620E537}.Debug|Any CPU.ActiveCfg = Debug|Any CPU
		{2B90289D-8C11-4D91-8A41-C5C99620E537}.Debug|Any CPU.Build.0 = Debug|Any CPU
		{2B90289D-8C11-4D91-8A41-C5C99620E537}.Debug|x86.ActiveCfg = Debug|Any CPU
		{2B90289D-8C11-4D91-8A41-C5C99620E537}.Debug|x86.Build.0 = Debug|Any CPU
		{2B90289D-8C11-4D91-8A41-C5C99620E537}.Release|Any CPU.ActiveCfg = Release|Any CPU
		{2B90289D-8C11-4D91-8A41-C5C99620E537}.Release|Any CPU.Build.0 = Release|Any CPU
		{2B90289D-8C11-4D91-8A41-C5C99620E537}.Release|x86.ActiveCfg = Release|Any CPU
		{2B90289D-8C11-4D91-8A41-C5C99620E537}.Release|x86.Build.0 = Release|Any CPU
		{2B90289D-8C11-4D91-8A41-C5C99620E537}.Remote debug|Any CPU.ActiveCfg = Release|Any CPU
		{2B90289D-8C11-4D91-8A41-C5C99620E537}.Remote debug|Any CPU.Build.0 = Release|Any CPU
		{2B90289D-8C11-4D91-8A41-C5C99620E537}.Remote debug|x86.ActiveCfg = Release|Any CPU
		{2B90289D-8C11-4D91-8A41-C5C99620E537}.Remote debug|x86.Build.0 = Release|Any CPU
		{DBB78CD2-7515-4920-BA93-28860EFD54B6}.Debug|Any CPU.ActiveCfg = Debug|Any CPU
		{DBB78CD2-7515-4920-BA93-28860EFD54B6}.Debug|Any CPU.Build.0 = Debug|Any CPU
		{DBB78CD2-7515-4920-BA93-28860EFD54B6}.Debug|x86.ActiveCfg = Debug|Any CPU
		{DBB78CD2-7515-4920-BA93-28860EFD54B6}.Debug|x86.Build.0 = Debug|Any CPU
		{DBB78CD2-7515-4920-BA93-28860EFD54B6}.Release|Any CPU.ActiveCfg = Release|Any CPU
		{DBB78CD2-7515-4920-BA93-28860EFD54B6}.Release|Any CPU.Build.0 = Release|Any CPU
		{DBB78CD2-7515-4920-BA93-28860EFD54B6}.Release|x86.ActiveCfg = Release|Any CPU
		{DBB78CD2-7515-4920-BA93-28860EFD54B6}.Release|x86.Build.0 = Release|Any CPU
		{DBB78CD2-7515-4920-BA93-28860EFD54B6}.Remote debug|Any CPU.ActiveCfg = Release|Any CPU
		{DBB78CD2-7515-4920-BA93-28860EFD54B6}.Remote debug|Any CPU.Build.0 = Release|Any CPU
		{DBB78CD2-7515-4920-BA93-28860EFD54B6}.Remote debug|x86.ActiveCfg = Release|Any CPU
		{DBB78CD2-7515-4920-BA93-28860EFD54B6}.Remote debug|x86.Build.0 = Release|Any CPU
		{E79D7BC8-AAD4-4BC1-9578-3FABB851B997}.Debug|Any CPU.ActiveCfg = Debug|Any CPU
		{E79D7BC8-AAD4-4BC1-9578-3FABB851B997}.Debug|Any CPU.Build.0 = Debug|Any CPU
		{E79D7BC8-AAD4-4BC1-9578-3FABB851B997}.Debug|x86.ActiveCfg = Debug|Any CPU
		{E79D7BC8-AAD4-4BC1-9578-3FABB851B997}.Debug|x86.Build.0 = Debug|Any CPU
		{E79D7BC8-AAD4-4BC1-9578-3FABB851B997}.Release|Any CPU.ActiveCfg = Release|Any CPU
		{E79D7BC8-AAD4-4BC1-9578-3FABB851B997}.Release|Any CPU.Build.0 = Release|Any CPU
		{E79D7BC8-AAD4-4BC1-9578-3FABB851B997}.Release|x86.ActiveCfg = Release|Any CPU
		{E79D7BC8-AAD4-4BC1-9578-3FABB851B997}.Release|x86.Build.0 = Release|Any CPU
		{E79D7BC8-AAD4-4BC1-9578-3FABB851B997}.Remote debug|Any CPU.ActiveCfg = Release|Any CPU
		{E79D7BC8-AAD4-4BC1-9578-3FABB851B997}.Remote debug|Any CPU.Build.0 = Release|Any CPU
		{E79D7BC8-AAD4-4BC1-9578-3FABB851B997}.Remote debug|x86.ActiveCfg = Release|Any CPU
		{E79D7BC8-AAD4-4BC1-9578-3FABB851B997}.Remote debug|x86.Build.0 = Release|Any CPU
		{909409E5-7DED-43FC-95D7-913C7576E91C}.Debug|Any CPU.ActiveCfg = Debug|Any CPU
		{909409E5-7DED-43FC-95D7-913C7576E91C}.Debug|Any CPU.Build.0 = Debug|Any CPU
		{909409E5-7DED-43FC-95D7-913C7576E91C}.Debug|x86.ActiveCfg = Debug|Any CPU
		{909409E5-7DED-43FC-95D7-913C7576E91C}.Debug|x86.Build.0 = Debug|Any CPU
		{909409E5-7DED-43FC-95D7-913C7576E91C}.Release|Any CPU.ActiveCfg = Release|Any CPU
		{909409E5-7DED-43FC-95D7-913C7576E91C}.Release|Any CPU.Build.0 = Release|Any CPU
		{909409E5-7DED-43FC-95D7-913C7576E91C}.Release|x86.ActiveCfg = Release|Any CPU
		{909409E5-7DED-43FC-95D7-913C7576E91C}.Release|x86.Build.0 = Release|Any CPU
		{909409E5-7DED-43FC-95D7-913C7576E91C}.Remote debug|Any CPU.ActiveCfg = Release|Any CPU
		{909409E5-7DED-43FC-95D7-913C7576E91C}.Remote debug|Any CPU.Build.0 = Release|Any CPU
		{909409E5-7DED-43FC-95D7-913C7576E91C}.Remote debug|x86.ActiveCfg = Release|Any CPU
		{909409E5-7DED-43FC-95D7-913C7576E91C}.Remote debug|x86.Build.0 = Release|Any CPU
		{4FAB5F27-FF28-4A41-BDD7-1BFF4D0DC71E}.Debug|Any CPU.ActiveCfg = Debug|Any CPU
		{4FAB5F27-FF28-4A41-BDD7-1BFF4D0DC71E}.Debug|Any CPU.Build.0 = Debug|Any CPU
		{4FAB5F27-FF28-4A41-BDD7-1BFF4D0DC71E}.Debug|x86.ActiveCfg = Debug|Any CPU
		{4FAB5F27-FF28-4A41-BDD7-1BFF4D0DC71E}.Debug|x86.Build.0 = Debug|Any CPU
		{4FAB5F27-FF28-4A41-BDD7-1BFF4D0DC71E}.Release|Any CPU.ActiveCfg = Release|Any CPU
		{4FAB5F27-FF28-4A41-BDD7-1BFF4D0DC71E}.Release|Any CPU.Build.0 = Release|Any CPU
		{4FAB5F27-FF28-4A41-BDD7-1BFF4D0DC71E}.Release|x86.ActiveCfg = Release|Any CPU
		{4FAB5F27-FF28-4A41-BDD7-1BFF4D0DC71E}.Release|x86.Build.0 = Release|Any CPU
		{4FAB5F27-FF28-4A41-BDD7-1BFF4D0DC71E}.Remote debug|Any CPU.ActiveCfg = Release|Any CPU
		{4FAB5F27-FF28-4A41-BDD7-1BFF4D0DC71E}.Remote debug|Any CPU.Build.0 = Release|Any CPU
		{4FAB5F27-FF28-4A41-BDD7-1BFF4D0DC71E}.Remote debug|x86.ActiveCfg = Release|Any CPU
		{4FAB5F27-FF28-4A41-BDD7-1BFF4D0DC71E}.Remote debug|x86.Build.0 = Release|Any CPU
		{53702F40-8EDA-4A2B-ABBF-F85548FF7442}.Debug|Any CPU.ActiveCfg = Debug|Any CPU
		{53702F40-8EDA-4A2B-ABBF-F85548FF7442}.Debug|Any CPU.Build.0 = Debug|Any CPU
		{53702F40-8EDA-4A2B-ABBF-F85548FF7442}.Debug|x86.ActiveCfg = Debug|Any CPU
		{53702F40-8EDA-4A2B-ABBF-F85548FF7442}.Debug|x86.Build.0 = Debug|Any CPU
		{53702F40-8EDA-4A2B-ABBF-F85548FF7442}.Release|Any CPU.ActiveCfg = Release|Any CPU
		{53702F40-8EDA-4A2B-ABBF-F85548FF7442}.Release|Any CPU.Build.0 = Release|Any CPU
		{53702F40-8EDA-4A2B-ABBF-F85548FF7442}.Release|x86.ActiveCfg = Release|Any CPU
		{53702F40-8EDA-4A2B-ABBF-F85548FF7442}.Release|x86.Build.0 = Release|Any CPU
		{53702F40-8EDA-4A2B-ABBF-F85548FF7442}.Remote debug|Any CPU.ActiveCfg = Release|Any CPU
		{53702F40-8EDA-4A2B-ABBF-F85548FF7442}.Remote debug|Any CPU.Build.0 = Release|Any CPU
		{53702F40-8EDA-4A2B-ABBF-F85548FF7442}.Remote debug|x86.ActiveCfg = Release|Any CPU
		{53702F40-8EDA-4A2B-ABBF-F85548FF7442}.Remote debug|x86.Build.0 = Release|Any CPU
		{16BB58FA-897B-4A75-BEDC-D42428EB8312}.Debug|Any CPU.ActiveCfg = Debug|Any CPU
		{16BB58FA-897B-4A75-BEDC-D42428EB8312}.Debug|Any CPU.Build.0 = Debug|Any CPU
		{16BB58FA-897B-4A75-BEDC-D42428EB8312}.Debug|x86.ActiveCfg = Debug|Any CPU
		{16BB58FA-897B-4A75-BEDC-D42428EB8312}.Debug|x86.Build.0 = Debug|Any CPU
		{16BB58FA-897B-4A75-BEDC-D42428EB8312}.Release|Any CPU.ActiveCfg = Release|Any CPU
		{16BB58FA-897B-4A75-BEDC-D42428EB8312}.Release|Any CPU.Build.0 = Release|Any CPU
		{16BB58FA-897B-4A75-BEDC-D42428EB8312}.Release|x86.ActiveCfg = Release|Any CPU
		{16BB58FA-897B-4A75-BEDC-D42428EB8312}.Release|x86.Build.0 = Release|Any CPU
		{16BB58FA-897B-4A75-BEDC-D42428EB8312}.Remote debug|Any CPU.ActiveCfg = Release|Any CPU
		{16BB58FA-897B-4A75-BEDC-D42428EB8312}.Remote debug|Any CPU.Build.0 = Release|Any CPU
		{16BB58FA-897B-4A75-BEDC-D42428EB8312}.Remote debug|x86.ActiveCfg = Release|Any CPU
		{16BB58FA-897B-4A75-BEDC-D42428EB8312}.Remote debug|x86.Build.0 = Release|Any CPU
	EndGlobalSection
	GlobalSection(SolutionProperties) = preSolution
		HideSolutionNode = FALSE
	EndGlobalSection
	GlobalSection(NestedProjects) = preSolution
		{AD29051A-0960-4E92-BAA9-7AC50827F823} = {B0951F6C-E0DC-4242-A32E-0B48711AF12D}
		{794039F3-D719-42BB-AACF-A4C12104222C} = {B0951F6C-E0DC-4242-A32E-0B48711AF12D}
		{DBB78CD2-7515-4920-BA93-28860EFD54B6} = {7357CB17-E9D7-493F-BC1B-354F717D7AA3}
		{E79D7BC8-AAD4-4BC1-9578-3FABB851B997} = {7357CB17-E9D7-493F-BC1B-354F717D7AA3}
		{909409E5-7DED-43FC-95D7-913C7576E91C} = {7357CB17-E9D7-493F-BC1B-354F717D7AA3}
		{4FAB5F27-FF28-4A41-BDD7-1BFF4D0DC71E} = {7357CB17-E9D7-493F-BC1B-354F717D7AA3}
		{53702F40-8EDA-4A2B-ABBF-F85548FF7442} = {7357CB17-E9D7-493F-BC1B-354F717D7AA3}
		{16BB58FA-897B-4A75-BEDC-D42428EB8312} = {7357CB17-E9D7-493F-BC1B-354F717D7AA3}
	EndGlobalSection
	GlobalSection(ExtensibilityGlobals) = postSolution
		SolutionGuid = {90CD718D-2503-4BBC-867D-E8EF9C9DBC77}
	EndGlobalSection
EndGlobal
