
Microsoft Visual Studio Solution File, Format Version 12.00
# Visual Studio 15
VisualStudioVersion = 15.0.27703.2035
MinimumVisualStudioVersion = 10.0.40219.1
Project("{FAE04EC0-301F-11D3-BF4B-00C04F79EFBC}") = "ScGui", "ScGui.csproj", "{4FAB5F27-FF28-4A41-BDD7-1BFF4D0DC71E}"
EndProject
Global
	GlobalSection(SolutionConfigurationPlatforms) = preSolution
		Debug|Any CPU = Debug|Any CPU
		Release|Any CPU = Release|Any CPU
	EndGlobalSection
	GlobalSection(ProjectConfigurationPlatforms) = postSolution
		{4FAB5F27-FF28-4A41-BDD7-1BFF4D0DC71E}.Debug|Any CPU.ActiveCfg = Debug|Any CPU
		{4FAB5F27-FF28-4A41-BDD7-1BFF4D0DC71E}.Debug|Any CPU.Build.0 = Debug|Any CPU
		{4FAB5F27-FF28-4A41-BDD7-1BFF4D0DC71E}.Release|Any CPU.ActiveCfg = Release|Any CPU
		{4FAB5F27-FF28-4A41-BDD7-1BFF4D0DC71E}.Release|Any CPU.Build.0 = Release|Any CPU
	EndGlobalSection
	GlobalSection(SolutionProperties) = preSolution
		HideSolutionNode = FALSE
	EndGlobalSection
	GlobalSection(ExtensibilityGlobals) = postSolution
		SolutionGuid = {C1A27042-C9C1-42D5-B152-9D7854247D73}
	EndGlobalSection
EndGlobal
